Microsoft Visual Studio Solution File, Format Version 12.00
# Visual Studio Version 17
VisualStudioVersion = 17.5.2.0
MinimumVisualStudioVersion = 10.0.40219.1
Project("{FAE04EC0-301F-11D3-BF4B-00C04F79EFBC}") = "PayrollApi", "PayrollApi\PayrollApi.csproj", "{FD617D19-FE02-94BD-B7ED-AE3366E9ADA9}"
EndProject
Global
	GlobalSection(SolutionConfigurationPlatforms) = preSolution
		Debug|Any CPU = Debug|Any CPU
		Release|Any CPU = Release|Any CPU
	EndGlobalSection
	GlobalSection(ProjectConfigurationPlatforms) = postSolution
		{FD617D19-FE02-94BD-B7ED-AE3366E9ADA9}.Debug|Any CPU.ActiveCfg = Debug|Any CPU
		{FD617D19-FE02-94BD-B7ED-AE3366E9ADA9}.Debug|Any CPU.Build.0 = Debug|Any CPU
		{FD617D19-FE02-94BD-B7ED-AE3366E9ADA9}.Release|Any CPU.ActiveCfg = Release|Any CPU
		{FD617D19-FE02-94BD-B7ED-AE3366E9ADA9}.Release|Any CPU.Build.0 = Release|Any CPU
	EndGlobalSection
	GlobalSection(SolutionProperties) = preSolution
		HideSolutionNode = FALSE
	EndGlobalSection
	GlobalSection(ExtensibilityGlobals) = postSolution
		SolutionGuid = {CA10218C-ADFB-4DC0-8115-08B99EF65863}
	EndGlobalSection
EndGlobal
